
Microsoft Visual Studio Solution File, Format Version 12.00
# Visual Studio Version 16
VisualStudioVersion = 16.0.32630.194
MinimumVisualStudioVersion = 10.0.40219.1
Project("{FAE04EC0-301F-11D3-BF4B-00C04F79EFBC}") = "actividad1v2", "actividad1v2\actividad1v2.csproj", "{836B189A-CE44-4341-9A11-23710D863337}"
EndProject
Global
	GlobalSection(SolutionConfigurationPlatforms) = preSolution
		Debug|Any CPU = Debug|Any CPU
		Release|Any CPU = Release|Any CPU
	EndGlobalSection
	GlobalSection(ProjectConfigurationPlatforms) = postSolution
		{836B189A-CE44-4341-9A11-23710D863337}.Debug|Any CPU.ActiveCfg = Debug|Any CPU
		{836B189A-CE44-4341-9A11-23710D863337}.Debug|Any CPU.Build.0 = Debug|Any CPU
		{836B189A-CE44-4341-9A11-23710D863337}.Release|Any CPU.ActiveCfg = Release|Any CPU
		{836B189A-CE44-4341-9A11-23710D863337}.Release|Any CPU.Build.0 = Release|Any CPU
	EndGlobalSection
	GlobalSection(SolutionProperties) = preSolution
		HideSolutionNode = FALSE
	EndGlobalSection
	GlobalSection(ExtensibilityGlobals) = postSolution
		SolutionGuid = {E7F74EF9-1CA5-42E4-9660-B38AA6E53C6F}
	EndGlobalSection
EndGlobal
