
Microsoft Visual Studio Solution File, Format Version 12.00
# Visual Studio Version 16
VisualStudioVersion = 16.0.32802.440
MinimumVisualStudioVersion = 10.0.40219.1
Project("{FAE04EC0-301F-11D3-BF4B-00C04F79EFBC}") = "Arreglos", "Arreglos\Arreglos.csproj", "{7C26899C-9CA8-4917-AF76-74E470AA4092}"
EndProject
Global
	GlobalSection(SolutionConfigurationPlatforms) = preSolution
		Debug|Any CPU = Debug|Any CPU
		Release|Any CPU = Release|Any CPU
	EndGlobalSection
	GlobalSection(ProjectConfigurationPlatforms) = postSolution
		{7C26899C-9CA8-4917-AF76-74E470AA4092}.Debug|Any CPU.ActiveCfg = Debug|Any CPU
		{7C26899C-9CA8-4917-AF76-74E470AA4092}.Debug|Any CPU.Build.0 = Debug|Any CPU
		{7C26899C-9CA8-4917-AF76-74E470AA4092}.Release|Any CPU.ActiveCfg = Release|Any CPU
		{7C26899C-9CA8-4917-AF76-74E470AA4092}.Release|Any CPU.Build.0 = Release|Any CPU
	EndGlobalSection
	GlobalSection(SolutionProperties) = preSolution
		HideSolutionNode = FALSE
	EndGlobalSection
	GlobalSection(ExtensibilityGlobals) = postSolution
		SolutionGuid = {DC4515D7-973C-4734-BF01-A0EB7B8CCCC6}
	EndGlobalSection
EndGlobal
